
Microsoft Visual Studio Solution File, Format Version 11.00
# Visual Studio 2010
Project("{E24C65DC-7377-472B-9ABA-BC803B73C61A}") = "file upload and scan", ".", "{4685932D-9AE2-47AC-9587-B5B1D6427CE2}"
	ProjectSection(WebsiteProperties) = preProject
		TargetFrameworkMoniker = ".NETFramework,Version%3Dv3.5"
		Debug.AspNetCompiler.VirtualPath = "/file upload and scan"
		Debug.AspNetCompiler.PhysicalPath = "..\file upload and scan\"
		Debug.AspNetCompiler.TargetPath = "PrecompiledWeb\file upload and scan\"
		Debug.AspNetCompiler.Updateable = "true"
		Debug.AspNetCompiler.ForceOverwrite = "true"
		Debug.AspNetCompiler.FixedNames = "false"
		Debug.AspNetCompiler.Debug = "True"
		Release.AspNetCompiler.VirtualPath = "/file upload and scan"
		Release.AspNetCompiler.PhysicalPath = "..\file upload and scan\"
		Release.AspNetCompiler.TargetPath = "PrecompiledWeb\file upload and scan\"
		Release.AspNetCompiler.Updateable = "true"
		Release.AspNetCompiler.ForceOverwrite = "true"
		Release.AspNetCompiler.FixedNames = "false"
		Release.AspNetCompiler.Debug = "False"
		VWDPort = "1208"
	EndProjectSection
EndProject
Global
	GlobalSection(SolutionConfigurationPlatforms) = preSolution
		Debug|Any CPU = Debug|Any CPU
	EndGlobalSection
	GlobalSection(ProjectConfigurationPlatforms) = postSolution
		{4685932D-9AE2-47AC-9587-B5B1D6427CE2}.Debug|Any CPU.ActiveCfg = Debug|Any CPU
		{4685932D-9AE2-47AC-9587-B5B1D6427CE2}.Debug|Any CPU.Build.0 = Debug|Any CPU
	EndGlobalSection
	GlobalSection(SolutionProperties) = preSolution
		HideSolutionNode = FALSE
	EndGlobalSection
EndGlobal
